# This file is automatically @generated by Cargo.
# It is not intended for manual editing.
version = 4

[[package]]
name = "hello"
version = "0.1.0"
dependencies = [
 "thunk-rs",
]

[[package]]
name = "thunk-rs"
version = "0.3.3"
source = "registry+https://github.com/rust-lang/crates.io-index"
checksum = "7cbc000e786a7ea2cfa3a85ef77cf86bfdadeaa2b215ec4751df66442fa4632a"
